
Microsoft Visual Studio Solution File, Format Version 12.00
# Visual Studio Version 17
VisualStudioVersion = 17.10.34928.147
MinimumVisualStudioVersion = 10.0.40219.1
Project("{9A19103F-16F7-4668-BE54-9A1E7A4F7556}") = "Library.API", "Library.API\Library.API.csproj", "{55C672DC-7EB6-4045-95C8-C3E4D5BE1072}"
EndProject
Project("{9A19103F-16F7-4668-BE54-9A1E7A4F7556}") = "Library.Core", "Library.Core\Library.Core.csproj", "{E0402ABB-E9F9-4195-8139-8FE6E22C4E21}"
EndProject
Project("{E53339B2-1760-4266-BCC7-CA923CBCF16C}") = "docker-compose", "docker-compose.dcproj", "{50E42820-9528-4910-95E0-04656E4B9CD6}"
EndProject
Project("{9A19103F-16F7-4668-BE54-9A1E7A4F7556}") = "Library.Infrastructure", "Library.Infrastructure\Library.Infrastructure.csproj", "{232993CE-4132-469E-9376-09F16975A830}"
EndProject
Project("{9A19103F-16F7-4668-BE54-9A1E7A4F7556}") = "Library.Application", "Library.Application\Library.Application.csproj", "{62A013F5-F060-4EA9-89F9-BC4DE327A75A}"
EndProject
Project("{FAE04EC0-301F-11D3-BF4B-00C04F79EFBC}") = "Library.UnityTests", "Library.UnityTests\Library.UnityTests.csproj", "{55790824-1711-4169-9EBE-E7BA7C262088}"
EndProject
Global
	GlobalSection(SolutionConfigurationPlatforms) = preSolution
		Debug|Any CPU = Debug|Any CPU
		Release|Any CPU = Release|Any CPU
	EndGlobalSection
	GlobalSection(ProjectConfigurationPlatforms) = postSolution
		{55C672DC-7EB6-4045-95C8-C3E4D5BE1072}.Debug|Any CPU.ActiveCfg = Debug|Any CPU
		{55C672DC-7EB6-4045-95C8-C3E4D5BE1072}.Debug|Any CPU.Build.0 = Debug|Any CPU
		{55C672DC-7EB6-4045-95C8-C3E4D5BE1072}.Release|Any CPU.ActiveCfg = Release|Any CPU
		{55C672DC-7EB6-4045-95C8-C3E4D5BE1072}.Release|Any CPU.Build.0 = Release|Any CPU
		{E0402ABB-E9F9-4195-8139-8FE6E22C4E21}.Debug|Any CPU.ActiveCfg = Debug|Any CPU
		{E0402ABB-E9F9-4195-8139-8FE6E22C4E21}.Debug|Any CPU.Build.0 = Debug|Any CPU
		{E0402ABB-E9F9-4195-8139-8FE6E22C4E21}.Release|Any CPU.ActiveCfg = Release|Any CPU
		{E0402ABB-E9F9-4195-8139-8FE6E22C4E21}.Release|Any CPU.Build.0 = Release|Any CPU
		{50E42820-9528-4910-95E0-04656E4B9CD6}.Debug|Any CPU.ActiveCfg = Debug|Any CPU
		{50E42820-9528-4910-95E0-04656E4B9CD6}.Debug|Any CPU.Build.0 = Debug|Any CPU
		{50E42820-9528-4910-95E0-04656E4B9CD6}.Release|Any CPU.ActiveCfg = Release|Any CPU
		{50E42820-9528-4910-95E0-04656E4B9CD6}.Release|Any CPU.Build.0 = Release|Any CPU
		{232993CE-4132-469E-9376-09F16975A830}.Debug|Any CPU.ActiveCfg = Debug|Any CPU
		{232993CE-4132-469E-9376-09F16975A830}.Debug|Any CPU.Build.0 = Debug|Any CPU
		{232993CE-4132-469E-9376-09F16975A830}.Release|Any CPU.ActiveCfg = Release|Any CPU
		{232993CE-4132-469E-9376-09F16975A830}.Release|Any CPU.Build.0 = Release|Any CPU
		{62A013F5-F060-4EA9-89F9-BC4DE327A75A}.Debug|Any CPU.ActiveCfg = Debug|Any CPU
		{62A013F5-F060-4EA9-89F9-BC4DE327A75A}.Debug|Any CPU.Build.0 = Debug|Any CPU
		{62A013F5-F060-4EA9-89F9-BC4DE327A75A}.Release|Any CPU.ActiveCfg = Release|Any CPU
		{62A013F5-F060-4EA9-89F9-BC4DE327A75A}.Release|Any CPU.Build.0 = Release|Any CPU
		{55790824-1711-4169-9EBE-E7BA7C262088}.Debug|Any CPU.ActiveCfg = Debug|Any CPU
		{55790824-1711-4169-9EBE-E7BA7C262088}.Debug|Any CPU.Build.0 = Debug|Any CPU
		{55790824-1711-4169-9EBE-E7BA7C262088}.Release|Any CPU.ActiveCfg = Release|Any CPU
		{55790824-1711-4169-9EBE-E7BA7C262088}.Release|Any CPU.Build.0 = Release|Any CPU
	EndGlobalSection
	GlobalSection(SolutionProperties) = preSolution
		HideSolutionNode = FALSE
	EndGlobalSection
	GlobalSection(ExtensibilityGlobals) = postSolution
		SolutionGuid = {38E3AB07-408F-45EA-8ED2-ECF61841A6E0}
	EndGlobalSection
EndGlobal
